
Microsoft Visual Studio Solution File, Format Version 12.00
# Visual Studio Version 17
VisualStudioVersion = 17.3.32901.215
MinimumVisualStudioVersion = 10.0.40219.1
Project("{FAE04EC0-301F-11D3-BF4B-00C04F79EFBC}") = "SEMINAR_04", "SEMINAR_04\SEMINAR_04.csproj", "{4D750D89-AAE3-403D-AA6B-9BC44F4A95EE}"
EndProject
Global
	GlobalSection(SolutionConfigurationPlatforms) = preSolution
		Debug|Any CPU = Debug|Any CPU
		Release|Any CPU = Release|Any CPU
	EndGlobalSection
	GlobalSection(ProjectConfigurationPlatforms) = postSolution
		{4D750D89-AAE3-403D-AA6B-9BC44F4A95EE}.Debug|Any CPU.ActiveCfg = Debug|Any CPU
		{4D750D89-AAE3-403D-AA6B-9BC44F4A95EE}.Debug|Any CPU.Build.0 = Debug|Any CPU
		{4D750D89-AAE3-403D-AA6B-9BC44F4A95EE}.Release|Any CPU.ActiveCfg = Release|Any CPU
		{4D750D89-AAE3-403D-AA6B-9BC44F4A95EE}.Release|Any CPU.Build.0 = Release|Any CPU
	EndGlobalSection
	GlobalSection(SolutionProperties) = preSolution
		HideSolutionNode = FALSE
	EndGlobalSection
	GlobalSection(ExtensibilityGlobals) = postSolution
		SolutionGuid = {EFD74FA7-24FA-4340-87FC-194B9DCD3336}
	EndGlobalSection
EndGlobal
